PODS:
  - DocumentsOCR (1.0.4):
    - GPUImage
    - PodAsset
    - TesseractOCRiOS (~> 4.0.0)
  - GPUImage (0.1.7)
  - PodAsset (0.12.0)
  - SVProgressHUD (2.0.3)
  - TesseractOCRiOS (4.0.1)

DEPENDENCIES:
  - DocumentsOCR (from `../`)
  - SVProgressHUD
  - TesseractOCRiOS (from `https://github.com/appintheair/Tesseract-OCR-iOS`)

EXTERNAL SOURCES:
  DocumentsOCR:
    :path: ../
  TesseractOCRiOS:
    :git: https://github.com/appintheair/Tesseract-OCR-iOS

CHECKOUT OPTIONS:
  TesseractOCRiOS:
    :commit: a482f067e93e6670d6ea7753c36b6fac90d2c44c
    :git: https://github.com/appintheair/Tesseract-OCR-iOS

SPEC CHECKSUMS:
  DocumentsOCR: 3acf8049731a1a3482290a54a9a39ce2e15df6b7
  GPUImage: 733a5f0fab92df9de1c37ba9df520a833ccb406d
  PodAsset: d6e724524e63725ef0c579354819ccc2dcbcf920
  SVProgressHUD: b0830714205bea1317ea1a2ebc71e5633af334d4
  TesseractOCRiOS: 30545db87623f3f643280db372d318fc7355463c

PODFILE CHECKSUM: 18dff8c7466af2f5ef701624329ece0921fcf3b7

COCOAPODS: 1.2.1
